
Microsoft Visual Studio Solution File, Format Version 12.00
# Visual Studio 15
VisualStudioVersion = 15.0.27004.2008
MinimumVisualStudioVersion = 10.0.40219.1
Project("{FAE04EC0-301F-11D3-BF4B-00C04F79EFBC}") = "IaMochila", "IaMochila\IaMochila.csproj", "{AF14B60F-23A6-4617-A548-29F969B16338}"
EndProject
Project("{2150E333-8FDC-42A3-9474-1A3956D46DE8}") = "NewFolder1", "NewFolder1", "{BF63D4EB-FD4F-438A-925A-C79C3679E1CD}"
EndProject
Global
	GlobalSection(SolutionConfigurationPlatforms) = preSolution
		Debug|Any CPU = Debug|Any CPU
		Release|Any CPU = Release|Any CPU
	EndGlobalSection
	GlobalSection(ProjectConfigurationPlatforms) = postSolution
		{AF14B60F-23A6-4617-A548-29F969B16338}.Debug|Any CPU.ActiveCfg = Debug|Any CPU
		{AF14B60F-23A6-4617-A548-29F969B16338}.Debug|Any CPU.Build.0 = Debug|Any CPU
		{AF14B60F-23A6-4617-A548-29F969B16338}.Release|Any CPU.ActiveCfg = Release|Any CPU
		{AF14B60F-23A6-4617-A548-29F969B16338}.Release|Any CPU.Build.0 = Release|Any CPU
	EndGlobalSection
	GlobalSection(SolutionProperties) = preSolution
		HideSolutionNode = FALSE
	EndGlobalSection
	GlobalSection(ExtensibilityGlobals) = postSolution
		SolutionGuid = {1AB2DE15-8043-4349-A82A-5FE738F63A46}
	EndGlobalSection
EndGlobal
